// !$*UTF8*$!
{
	archiveVersion = 1;
	classes = {
	};
	objectVersion = 50;
	objects = {

/* Begin PBXBuildFile section */
		D340FD4425CF8D150002E526 /* LoginRequest.swift in Sources */ = {isa = PBXBuildFile; fileRef = D340FD4325CF8D150002E526 /* LoginRequest.swift */; };
		D340FD4625CF8F020002E526 /* LoginResponse.swift in Sources */ = {isa = PBXBuildFile; fileRef = D340FD4525CF8F020002E526 /* LoginResponse.swift */; };
		D341AC0625D2470000FA8242 /* AddLocationViewController.swift in Sources */ = {isa = PBXBuildFile; fileRef = D341AC0525D2470000FA8242 /* AddLocationViewController.swift */; };
		D341AC0825D2473600FA8242 /* SubmitLocationViewController.swift in Sources */ = {isa = PBXBuildFile; fileRef = D341AC0725D2473600FA8242 /* SubmitLocationViewController.swift */; };
		D365E0EF25CF27410062ED8A /* AppDelegate.swift in Sources */ = {isa = PBXBuildFile; fileRef = D365E0EE25CF27410062ED8A /* AppDelegate.swift */; };
		D365E0F125CF27410062ED8A /* LoginViewController.swift in Sources */ = {isa = PBXBuildFile; fileRef = D365E0F025CF27410062ED8A /* LoginViewController.swift */; };
		D365E0F425CF27410062ED8A /* Main.storyboard in Resources */ = {isa = PBXBuildFile; fileRef = D365E0F225CF27410062ED8A /* Main.storyboard */; };
		D365E0F625CF27440062ED8A /* Assets.xcassets in Resources */ = {isa = PBXBuildFile; fileRef = D365E0F525CF27440062ED8A /* Assets.xcassets */; };
		D365E0F925CF27440062ED8A /* LaunchScreen.storyboard in Resources */ = {isa = PBXBuildFile; fileRef = D365E0F725CF27440062ED8A /* LaunchScreen.storyboard */; };
		D365E10425CF27440062ED8A /* OnTheMapTests.swift in Sources */ = {isa = PBXBuildFile; fileRef = D365E10325CF27440062ED8A /* OnTheMapTests.swift */; };
		D365E10F25CF27440062ED8A /* OnTheMapUITests.swift in Sources */ = {isa = PBXBuildFile; fileRef = D365E10E25CF27440062ED8A /* OnTheMapUITests.swift */; };
		D365E12425CF36B30062ED8A /* UdacityClient.swift in Sources */ = {isa = PBXBuildFile; fileRef = D365E12325CF36B30062ED8A /* UdacityClient.swift */; };
		D3A8D3A725D625F0001C4304 /* TableViewCell.swift in Sources */ = {isa = PBXBuildFile; fileRef = D3A8D3A625D625F0001C4304 /* TableViewCell.swift */; };
		D3BB07D025D06B7D0015EB77 /* MapViewController.swift in Sources */ = {isa = PBXBuildFile; fileRef = D3BB07CF25D06B7D0015EB77 /* MapViewController.swift */; };
		D3BB07D225D06B910015EB77 /* TableViewController.swift in Sources */ = {isa = PBXBuildFile; fileRef = D3BB07D125D06B910015EB77 /* TableViewController.swift */; };
		D3BB07D625D076160015EB77 /* UserProfileResponse.swift in Sources */ = {isa = PBXBuildFile; fileRef = D3BB07D525D076160015EB77 /* UserProfileResponse.swift */; };
		D3BB07D825D07AE00015EB77 /* ParseClient.swift in Sources */ = {isa = PBXBuildFile; fileRef = D3BB07D725D07AE00015EB77 /* ParseClient.swift */; };
		D3BB07DA25D07DDF0015EB77 /* StudentLocationResponse.swift in Sources */ = {isa = PBXBuildFile; fileRef = D3BB07D925D07DDF0015EB77 /* StudentLocationResponse.swift */; };
/* End PBXBuildFile section */

/* Begin PBXContainerItemProxy section */
		D365E10025CF27440062ED8A /* PBXContainerItemProxy */ = {
			isa = PBXContainerItemProxy;
			containerPortal = D365E0E325CF27410062ED8A /* Project object */;
			proxyType = 1;
			remoteGlobalIDString = D365E0EA25CF27410062ED8A;
			remoteInfo = OnTheMap;
		};
		D365E10B25CF27440062ED8A /* PBXContainerItemProxy */ = {
			isa = PBXContainerItemProxy;
			containerPortal = D365E0E325CF27410062ED8A /* Project object */;
			proxyType = 1;
			remoteGlobalIDString = D365E0EA25CF27410062ED8A;
			remoteInfo = OnTheMap;
		};
/* End PBXContainerItemProxy section */

/* Begin PBXFileReference section */
		D340FD4325CF8D150002E526 /* LoginRequest.swift */ = {isa = PBXFileReference; lastKnownFileType = sourcecode.swift; path = LoginRequest.swift; sourceTree = "<group>"; };
		D340FD4525CF8F020002E526 /* LoginResponse.swift */ = {isa = PBXFileReference; lastKnownFileType = sourcecode.swift; path = LoginResponse.swift; sourceTree = "<group>"; };
		D341AC0525D2470000FA8242 /* AddLocationViewController.swift */ = {isa = PBXFileReference; lastKnownFileType = sourcecode.swift; path = AddLocationViewController.swift; sourceTree = "<group>"; };
		D341AC0725D2473600FA8242 /* SubmitLocationViewController.swift */ = {isa = PBXFileReference; lastKnownFileType = sourcecode.swift; path = SubmitLocationViewController.swift; sourceTree = "<group>"; };
		D365E0EB25CF27410062ED8A /* OnTheMap.app */ = {isa = PBXFileReference; explicitFileType = wrapper.application; includeInIndex = 0; path = OnTheMap.app; sourceTree = BUILT_PRODUCTS_DIR; };
		D365E0EE25CF27410062ED8A /* AppDelegate.swift */ = {isa = PBXFileReference; lastKnownFileType = sourcecode.swift; path = AppDelegate.swift; sourceTree = "<group>"; };
		D365E0F025CF27410062ED8A /* LoginViewController.swift */ = {isa = PBXFileReference; lastKnownFileType = sourcecode.swift; path = LoginViewController.swift; sourceTree = "<group>"; };
		D365E0F325CF27410062ED8A /* Base */ = {isa = PBXFileReference; lastKnownFileType = file.storyboard; name = Base; path = Base.lproj/Main.storyboard; sourceTree = "<group>"; };
		D365E0F525CF27440062ED8A /* Assets.xcassets */ = {isa = PBXFileReference; lastKnownFileType = folder.assetcatalog; path = Assets.xcassets; sourceTree = "<group>"; };
		D365E0F825CF27440062ED8A /* Base */ = {isa = PBXFileReference; lastKnownFileType = file.storyboard; name = Base; path = Base.lproj/LaunchScreen.storyboard; sourceTree = "<group>"; };
		D365E0FA25CF27440062ED8A /* Info.plist */ = {isa = PBXFileReference; lastKnownFileType = text.plist.xml; path = Info.plist; sourceTree = "<group>"; };
		D365E0FF25CF27440062ED8A /* OnTheMapTests.xctest */ = {isa = PBXFileReference; explicitFileType = wrapper.cfbundle; includeInIndex = 0; path = OnTheMapTests.xctest; sourceTree = BUILT_PRODUCTS_DIR; };
		D365E10325CF27440062ED8A /* OnTheMapTests.swift */ = {isa = PBXFileReference; lastKnownFileType = sourcecode.swift; path = OnTheMapTests.swift; sourceTree = "<group>"; };
		D365E10525CF27440062ED8A /* Info.plist */ = {isa = PBXFileReference; lastKnownFileType = text.plist.xml; path = Info.plist; sourceTree = "<group>"; };
		D365E10A25CF27440062ED8A /* OnTheMapUITests.xctest */ = {isa = PBXFileReference; explicitFileType = wrapper.cfbundle; includeInIndex = 0; path = OnTheMapUITests.xctest; sourceTree = BUILT_PRODUCTS_DIR; };
		D365E10E25CF27440062ED8A /* OnTheMapUITests.swift */ = {isa = PBXFileReference; lastKnownFileType = sourcecode.swift; path = OnTheMapUITests.swift; sourceTree = "<group>"; };
		D365E11025CF27440062ED8A /* Info.plist */ = {isa = PBXFileReference; lastKnownFileType = text.plist.xml; path = Info.plist; sourceTree = "<group>"; };
		D365E12325CF36B30062ED8A /* UdacityClient.swift */ = {isa = PBXFileReference; lastKnownFileType = sourcecode.swift; path = UdacityClient.swift; sourceTree = "<group>"; };
		D3A8D3A625D625F0001C4304 /* TableViewCell.swift */ = {isa = PBXFileReference; lastKnownFileType = sourcecode.swift; path = TableViewCell.swift; sourceTree = "<group>"; };
		D3BB07CF25D06B7D0015EB77 /* MapViewController.swift */ = {isa = PBXFileReference; lastKnownFileType = sourcecode.swift; path = MapViewController.swift; sourceTree = "<group>"; };
		D3BB07D125D06B910015EB77 /* TableViewController.swift */ = {isa = PBXFileReference; lastKnownFileType = sourcecode.swift; path = TableViewController.swift; sourceTree = "<group>"; };
		D3BB07D525D076160015EB77 /* UserProfileResponse.swift */ = {isa = PBXFileReference; lastKnownFileType = sourcecode.swift; path = UserProfileResponse.swift; sourceTree = "<group>"; };
		D3BB07D725D07AE00015EB77 /* ParseClient.swift */ = {isa = PBXFileReference; lastKnownFileType = sourcecode.swift; path = ParseClient.swift; sourceTree = "<group>"; };
		D3BB07D925D07DDF0015EB77 /* StudentLocationResponse.swift */ = {isa = PBXFileReference; lastKnownFileType = sourcecode.swift; path = StudentLocationResponse.swift; sourceTree = "<group>"; };
/* End PBXFileReference section */

/* Begin PBXFrameworksBuildPhase section */
		D365E0E825CF27410062ED8A /* Frameworks */ = {
			isa = PBXFrameworksBuildPhase;
			buildActionMask = 2147483647;
			files = (
			);
			runOnlyForDeploymentPostprocessing = 0;
		};
		D365E0FC25CF27440062ED8A /* Frameworks */ = {
			isa = PBXFrameworksBuildPhase;
			buildActionMask = 2147483647;
			files = (
			);
			runOnlyForDeploymentPostprocessing = 0;
		};
		D365E10725CF27440062ED8A /* Frameworks */ = {
			isa = PBXFrameworksBuildPhase;
			buildActionMask = 2147483647;
			files = (
			);
			runOnlyForDeploymentPostprocessing = 0;
		};
/* End PBXFrameworksBuildPhase section */

/* Begin PBXGroup section */
		D340FD4225CF8B010002E526 /* Responses */ = {
			isa = PBXGroup;
			children = (
				D340FD4525CF8F020002E526 /* LoginResponse.swift */,
				D3BB07D525D076160015EB77 /* UserProfileResponse.swift */,
				D3BB07D925D07DDF0015EB77 /* StudentLocationResponse.swift */,
			);
			path = Responses;
			sourceTree = "<group>";
		};
		D365E0E225CF27410062ED8A = {
			isa = PBXGroup;
			children = (
				D365E0ED25CF27410062ED8A /* OnTheMap */,
				D365E10225CF27440062ED8A /* OnTheMapTests */,
				D365E10D25CF27440062ED8A /* OnTheMapUITests */,
				D365E0EC25CF27410062ED8A /* Products */,
			);
			sourceTree = "<group>";
		};
		D365E0EC25CF27410062ED8A /* Products */ = {
			isa = PBXGroup;
			children = (
				D365E0EB25CF27410062ED8A /* OnTheMap.app */,
				D365E0FF25CF27440062ED8A /* OnTheMapTests.xctest */,
				D365E10A25CF27440062ED8A /* OnTheMapUITests.xctest */,
			);
			name = Products;
			sourceTree = "<group>";
		};
		D365E0ED25CF27410062ED8A /* OnTheMap */ = {
			isa = PBXGroup;
			children = (
				D365E12025CF27FC0062ED8A /* Assets */,
				D365E11F25CF27F10062ED8A /* Controller */,
				D365E11E25CF27E90062ED8A /* View */,
				D365E11D25CF27DD0062ED8A /* Model */,
				D365E0EE25CF27410062ED8A /* AppDelegate.swift */,
				D365E0F725CF27440062ED8A /* LaunchScreen.storyboard */,
				D365E0FA25CF27440062ED8A /* Info.plist */,
			);
			path = OnTheMap;
			sourceTree = "<group>";
		};
		D365E10225CF27440062ED8A /* OnTheMapTests */ = {
			isa = PBXGroup;
			children = (
				D365E10325CF27440062ED8A /* OnTheMapTests.swift */,
				D365E10525CF27440062ED8A /* Info.plist */,
			);
			path = OnTheMapTests;
			sourceTree = "<group>";
		};
		D365E10D25CF27440062ED8A /* OnTheMapUITests */ = {
			isa = PBXGroup;
			children = (
				D365E10E25CF27440062ED8A /* OnTheMapUITests.swift */,
				D365E11025CF27440062ED8A /* Info.plist */,
			);
			path = OnTheMapUITests;
			sourceTree = "<group>";
		};
		D365E11D25CF27DD0062ED8A /* Model */ = {
			isa = PBXGroup;
			children = (
				D340FD4225CF8B010002E526 /* Responses */,
				D365E12525CF87260062ED8A /* Requests */,
				D365E12225CF36840062ED8A /* Client */,
			);
			path = Model;
			sourceTree = "<group>";
		};
		D365E11E25CF27E90062ED8A /* View */ = {
			isa = PBXGroup;
			children = (
			);
			path = View;
			sourceTree = "<group>";
		};
		D365E11F25CF27F10062ED8A /* Controller */ = {
			isa = PBXGroup;
			children = (
				D365E0F025CF27410062ED8A /* LoginViewController.swift */,
				D3BB07CF25D06B7D0015EB77 /* MapViewController.swift */,
				D3BB07D125D06B910015EB77 /* TableViewController.swift */,
				D341AC0525D2470000FA8242 /* AddLocationViewController.swift */,
				D341AC0725D2473600FA8242 /* SubmitLocationViewController.swift */,
				D3A8D3A625D625F0001C4304 /* TableViewCell.swift */,
			);
			path = Controller;
			sourceTree = "<group>";
		};
		D365E12025CF27FC0062ED8A /* Assets */ = {
			isa = PBXGroup;
			children = (
				D365E0F225CF27410062ED8A /* Main.storyboard */,
				D365E0F525CF27440062ED8A /* Assets.xcassets */,
			);
			path = Assets;
			sourceTree = "<group>";
		};
		D365E12225CF36840062ED8A /* Client */ = {
			isa = PBXGroup;
			children = (
				D365E12325CF36B30062ED8A /* UdacityClient.swift */,
				D3BB07D725D07AE00015EB77 /* ParseClient.swift */,
			);
			path = Client;
			sourceTree = "<group>";
		};
		D365E12525CF87260062ED8A /* Requests */ = {
			isa = PBXGroup;
			children = (
				D340FD4325CF8D150002E526 /* LoginRequest.swift */,
			);
			path = Requests;
			sourceTree = "<group>";
		};
/* End PBXGroup section */

/* Begin PBXNativeTarget section */
		D365E0EA25CF27410062ED8A /* OnTheMap */ = {
			isa = PBXNativeTarget;
			buildConfigurationList = D365E11325CF27440062ED8A /* Build configuration list for PBXNativeTarget "OnTheMap" */;
			buildPhases = (
				D365E0E725CF27410062ED8A /* Sources */,
				D365E0E825CF27410062ED8A /* Frameworks */,
				D365E0E925CF27410062ED8A /* Resources */,
			);
			buildRules = (
			);
			dependencies = (
			);
			name = OnTheMap;
			productName = OnTheMap;
			productReference = D365E0EB25CF27410062ED8A /* OnTheMap.app */;
			productType = "com.apple.product-type.application";
		};
		D365E0FE25CF27440062ED8A /* OnTheMapTests */ = {
			isa = PBXNativeTarget;
			buildConfigurationList = D365E11625CF27440062ED8A /* Build configuration list for PBXNativeTarget "OnTheMapTests" */;
			buildPhases = (
				D365E0FB25CF27440062ED8A /* Sources */,
				D365E0FC25CF27440062ED8A /* Frameworks */,
				D365E0FD25CF27440062ED8A /* Resources */,
			);
			buildRules = (
			);
			dependencies = (
				D365E10125CF27440062ED8A /* PBXTargetDependency */,
			);
			name = OnTheMapTests;
			productName = OnTheMapTests;
			productReference = D365E0FF25CF27440062ED8A /* OnTheMapTests.xctest */;
			productType = "com.apple.product-type.bundle.unit-test";
		};
		D365E10925CF27440062ED8A /* OnTheMapUITests */ = {
			isa = PBXNativeTarget;
			buildConfigurationList = D365E11925CF27440062ED8A /* Build configuration list for PBXNativeTarget "OnTheMapUITests" */;
			buildPhases = (
				D365E10625CF27440062ED8A /* Sources */,
				D365E10725CF27440062ED8A /* Frameworks */,
				D365E10825CF27440062ED8A /* Resources */,
			);
			buildRules = (
			);
			dependencies = (
				D365E10C25CF27440062ED8A /* PBXTargetDependency */,
			);
			name = OnTheMapUITests;
			productName = OnTheMapUITests;
			productReference = D365E10A25CF27440062ED8A /* OnTheMapUITests.xctest */;
			productType = "com.apple.product-type.bundle.ui-testing";
		};
/* End PBXNativeTarget section */

/* Begin PBXProject section */
		D365E0E325CF27410062ED8A /* Project object */ = {
			isa = PBXProject;
			attributes = {
				LastSwiftUpdateCheck = 1030;
				LastUpgradeCheck = 1030;
				ORGANIZATIONNAME = "Leela Krishna Chaitanya Koravi";
				TargetAttributes = {
					D365E0EA25CF27410062ED8A = {
						CreatedOnToolsVersion = 10.3;
					};
					D365E0FE25CF27440062ED8A = {
						CreatedOnToolsVersion = 10.3;
						TestTargetID = D365E0EA25CF27410062ED8A;
					};
					D365E10925CF27440062ED8A = {
						CreatedOnToolsVersion = 10.3;
						TestTargetID = D365E0EA25CF27410062ED8A;
					};
				};
			};
			buildConfigurationList = D365E0E625CF27410062ED8A /* Build configuration list for PBXProject "OnTheMap" */;
			compatibilityVersion = "Xcode 9.3";
			developmentRegion = en;
			hasScannedForEncodings = 0;
			knownRegions = (
				en,
				Base,
			);
			mainGroup = D365E0E225CF27410062ED8A;
			productRefGroup = D365E0EC25CF27410062ED8A /* Products */;
			projectDirPath = "";
			projectRoot = "";
			targets = (
				D365E0EA25CF27410062ED8A /* OnTheMap */,
				D365E0FE25CF27440062ED8A /* OnTheMapTests */,
				D365E10925CF27440062ED8A /* OnTheMapUITests */,
			);
		};
/* End PBXProject section */

/* Begin PBXResourcesBuildPhase section */
		D365E0E925CF27410062ED8A /* Resources */ = {
			isa = PBXResourcesBuildPhase;
			buildActionMask = 2147483647;
			files = (
				D365E0F925CF27440062ED8A /* LaunchScreen.storyboard in Resources */,
				D365E0F625CF27440062ED8A /* Assets.xcassets in Resources */,
				D365E0F425CF27410062ED8A /* Main.storyboard in Resources */,
			);
			runOnlyForDeploymentPostprocessing = 0;
		};
		D365E0FD25CF27440062ED8A /* Resources */ = {
			isa = PBXResourcesBuildPhase;
			buildActionMask = 2147483647;
			files = (
			);
			runOnlyForDeploymentPostprocessing = 0;
		};
		D365E10825CF27440062ED8A /* Resources */ = {
			isa = PBXResourcesBuildPhase;
			buildActionMask = 2147483647;
			files = (
			);
			runOnlyForDeploymentPostprocessing = 0;
		};
/* End PBXResourcesBuildPhase section */

/* Begin PBXSourcesBuildPhase section */
		D365E0E725CF27410062ED8A /* Sources */ = {
			isa = PBXSourcesBuildPhase;
			buildActionMask = 2147483647;
			files = (
				D3A8D3A725D625F0001C4304 /* TableViewCell.swift in Sources */,
				D3BB07D825D07AE00015EB77 /* ParseClient.swift in Sources */,
				D341AC0825D2473600FA8242 /* SubmitLocationViewController.swift in Sources */,
				D365E0F125CF27410062ED8A /* LoginViewController.swift in Sources */,
				D3BB07D225D06B910015EB77 /* TableViewController.swift in Sources */,
				D3BB07DA25D07DDF0015EB77 /* StudentLocationResponse.swift in Sources */,
				D3BB07D025D06B7D0015EB77 /* MapViewController.swift in Sources */,
				D341AC0625D2470000FA8242 /* AddLocationViewController.swift in Sources */,
				D365E0EF25CF27410062ED8A /* AppDelegate.swift in Sources */,
				D365E12425CF36B30062ED8A /* UdacityClient.swift in Sources */,
				D3BB07D625D076160015EB77 /* UserProfileResponse.swift in Sources */,
				D340FD4425CF8D150002E526 /* LoginRequest.swift in Sources */,
				D340FD4625CF8F020002E526 /* LoginResponse.swift in Sources */,
			);
			runOnlyForDeploymentPostprocessing = 0;
		};
		D365E0FB25CF27440062ED8A /* Sources */ = {
			isa = PBXSourcesBuildPhase;
			buildActionMask = 2147483647;
			files = (
				D365E10425CF27440062ED8A /* OnTheMapTests.swift in Sources */,
			);
			runOnlyForDeploymentPostprocessing = 0;
		};
		D365E10625CF27440062ED8A /* Sources */ = {
			isa = PBXSourcesBuildPhase;
			buildActionMask = 2147483647;
			files = (
				D365E10F25CF27440062ED8A /* OnTheMapUITests.swift in Sources */,
			);
			runOnlyForDeploymentPostprocessing = 0;
		};
/* End PBXSourcesBuildPhase section */

/* Begin PBXTargetDependency section */
		D365E10125CF27440062ED8A /* PBXTargetDependency */ = {
			isa = PBXTargetDependency;
			target = D365E0EA25CF27410062ED8A /* OnTheMap */;
			targetProxy = D365E10025CF27440062ED8A /* PBXContainerItemProxy */;
		};
		D365E10C25CF27440062ED8A /* PBXTargetDependency */ = {
			isa = PBXTargetDependency;
			target = D365E0EA25CF27410062ED8A /* OnTheMap */;
			targetProxy = D365E10B25CF27440062ED8A /* PBXContainerItemProxy */;
		};
/* End PBXTargetDependency section */

/* Begin PBXVariantGroup section */
		D365E0F225CF27410062ED8A /* Main.storyboard */ = {
			isa = PBXVariantGroup;
			children = (
				D365E0F325CF27410062ED8A /* Base */,
			);
			name = Main.storyboard;
			sourceTree = "<group>";
		};
		D365E0F725CF27440062ED8A /* LaunchScreen.storyboard */ = {
			isa = PBXVariantGroup;
			children = (
				D365E0F825CF27440062ED8A /* Base */,
			);
			name = LaunchScreen.storyboard;
			sourceTree = "<group>";
		};
/* End PBXVariantGroup section */

/* Begin XCBuildConfiguration section */
		D365E11125CF27440062ED8A /* Debug */ = {
			isa = XCBuildConfiguration;
			buildSettings = {
				ALWAYS_SEARCH_USER_PATHS = NO;
				CLANG_ANALYZER_NONNULL = YES;
				CLANG_ANALYZER_NUMBER_OBJECT_CONVERSION = YES_AGGRESSIVE;
				CLANG_CXX_LANGUAGE_STANDARD = "gnu++14";
				CLANG_CXX_LIBRARY = "libc++";
				CLANG_ENABLE_MODULES = YES;
				CLANG_ENABLE_OBJC_ARC = YES;
				CLANG_ENABLE_OBJC_WEAK = YES;
				CLANG_WARN_BLOCK_CAPTURE_AUTORELEASING = YES;
				CLANG_WARN_BOOL_CONVERSION = YES;
				CLANG_WARN_COMMA = YES;
				CLANG_WARN_CONSTANT_CONVERSION = YES;
				CLANG_WARN_DEPRECATED_OBJC_IMPLEMENTATIONS = YES;
				CLANG_WARN_DIRECT_OBJC_ISA_USAGE = YES_ERROR;
				CLANG_WARN_DOCUMENTATION_COMMENTS = YES;
				CLANG_WARN_EMPTY_BODY = YES;
				CLANG_WARN_ENUM_CONVERSION = YES;
				CLANG_WARN_INFINITE_RECURSION = YES;
				CLANG_WARN_INT_CONVERSION = YES;
				CLANG_WARN_NON_LITERAL_NULL_CONVERSION = YES;
				CLANG_WARN_OBJC_IMPLICIT_RETAIN_SELF = YES;
				CLANG_WARN_OBJC_LITERAL_CONVERSION = YES;
				CLANG_WARN_OBJC_ROOT_CLASS = YES_ERROR;
				CLANG_WARN_RANGE_LOOP_ANALYSIS = YES;
				CLANG_WARN_STRICT_PROTOTYPES = YES;
				CLANG_WARN_SUSPICIOUS_MOVE = YES;
				CLANG_WARN_UNGUARDED_AVAILABILITY = YES_AGGRESSIVE;
				CLANG_WARN_UNREACHABLE_CODE = YES;
				CLANG_WARN__DUPLICATE_METHOD_MATCH = YES;
				CODE_SIGN_IDENTITY = "iPhone Developer";
				COPY_PHASE_STRIP = NO;
				DEBUG_INFORMATION_FORMAT = dwarf;
				ENABLE_STRICT_OBJC_MSGSEND = YES;
				ENABLE_TESTABILITY = YES;
				GCC_C_LANGUAGE_STANDARD = gnu11;
				GCC_DYNAMIC_NO_PIC = NO;
				GCC_NO_COMMON_BLOCKS = YES;
				GCC_OPTIMIZATION_LEVEL = 0;
				GCC_PREPROCESSOR_DEFINITIONS = (
					"DEBUG=1",
					"$(inherited)",
				);
				GCC_WARN_64_TO_32_BIT_CONVERSION = YES;
				GCC_WARN_ABOUT_RETURN_TYPE = YES_ERROR;
				GCC_WARN_UNDECLARED_SELECTOR = YES;
				GCC_WARN_UNINITIALIZED_AUTOS = YES_AGGRESSIVE;
				GCC_WARN_UNUSED_FUNCTION = YES;
				GCC_WARN_UNUSED_VARIABLE = YES;
				IPHONEOS_DEPLOYMENT_TARGET = 12.4;
				MTL_ENABLE_DEBUG_INFO = INCLUDE_SOURCE;
				MTL_FAST_MATH = YES;
				ONLY_ACTIVE_ARCH = YES;
				SDKROOT = iphoneos;
				SWIFT_ACTIVE_COMPILATION_CONDITIONS = DEBUG;
				SWIFT_OPTIMIZATION_LEVEL = "-Onone";
			};
			name = Debug;
		};
		D365E11225CF27440062ED8A /* Release */ = {
			isa = XCBuildConfiguration;
			buildSettings = {
				ALWAYS_SEARCH_USER_PATHS = NO;
				CLANG_ANALYZER_NONNULL = YES;
				CLANG_ANALYZER_NUMBER_OBJECT_CONVERSION = YES_AGGRESSIVE;
				CLANG_CXX_LANGUAGE_STANDARD = "gnu++14";
				CLANG_CXX_LIBRARY = "libc++";
				CLANG_ENABLE_MODULES = YES;
				CLANG_ENABLE_OBJC_ARC = YES;
				CLANG_ENABLE_OBJC_WEAK = YES;
				CLANG_WARN_BLOCK_CAPTURE_AUTORELEASING = YES;
				CLANG_WARN_BOOL_CONVERSION = YES;
				CLANG_WARN_COMMA = YES;
				CLANG_WARN_CONSTANT_CONVERSION = YES;
				CLANG_WARN_DEPRECATED_OBJC_IMPLEMENTATIONS = YES;
				CLANG_WARN_DIRECT_OBJC_ISA_USAGE = YES_ERROR;
				CLANG_WARN_DOCUMENTATION_COMMENTS = YES;
				CLANG_WARN_EMPTY_BODY = YES;
				CLANG_WARN_ENUM_CONVERSION = YES;
				CLANG_WARN_INFINITE_RECURSION = YES;
				CLANG_WARN_INT_CONVERSION = YES;
				CLANG_WARN_NON_LITERAL_NULL_CONVERSION = YES;
				CLANG_WARN_OBJC_IMPLICIT_RETAIN_SELF = YES;
				CLANG_WARN_OBJC_LITERAL_CONVERSION = YES;
				CLANG_WARN_OBJC_ROOT_CLASS = YES_ERROR;
				CLANG_WARN_RANGE_LOOP_ANALYSIS = YES;
				CLANG_WARN_STRICT_PROTOTYPES = YES;
				CLANG_WARN_SUSPICIOUS_MOVE = YES;
				CLANG_WARN_UNGUARDED_AVAILABILITY = YES_AGGRESSIVE;
				CLANG_WARN_UNREACHABLE_CODE = YES;
				CLANG_WARN__DUPLICATE_METHOD_MATCH = YES;
				CODE_SIGN_IDENTITY = "iPhone Developer";
				COPY_PHASE_STRIP = NO;
				DEBUG_INFORMATION_FORMAT = "dwarf-with-dsym";
				ENABLE_NS_ASSERTIONS = NO;
				ENABLE_STRICT_OBJC_MSGSEND = YES;
				GCC_C_LANGUAGE_STANDARD = gnu11;
				GCC_NO_COMMON_BLOCKS = YES;
				GCC_WARN_64_TO_32_BIT_CONVERSION = YES;
				GCC_WARN_ABOUT_RETURN_TYPE = YES_ERROR;
				GCC_WARN_UNDECLARED_SELECTOR = YES;
				GCC_WARN_UNINITIALIZED_AUTOS = YES_AGGRESSIVE;
				GCC_WARN_UNUSED_FUNCTION = YES;
				GCC_WARN_UNUSED_VARIABLE = YES;
				IPHONEOS_DEPLOYMENT_TARGET = 12.4;
				MTL_ENABLE_DEBUG_INFO = NO;
				MTL_FAST_MATH = YES;
				SDKROOT = iphoneos;
				SWIFT_COMPILATION_MODE = wholemodule;
				SWIFT_OPTIMIZATION_LEVEL = "-O";
				VALIDATE_PRODUCT = YES;
			};
			name = Release;
		};
		D365E11425CF27440062ED8A /* Debug */ = {
			isa = XCBuildConfiguration;
			buildSettings = {
				ASSETCATALOG_COMPILER_APPICON_NAME = AppIcon;
				CODE_SIGN_STYLE = Automatic;
				INFOPLIST_FILE = OnTheMap/Info.plist;
				LD_RUNPATH_SEARCH_PATHS = (
					"$(inherited)",
					"@executable_path/Frameworks",
				);
				PRODUCT_BUNDLE_IDENTIFIER = "Leela-Krishna-Chaitanya-Koravi.OnTheMap";
				PRODUCT_NAME = "$(TARGET_NAME)";
				SWIFT_VERSION = 5.0;
				TARGETED_DEVICE_FAMILY = "1,2";
			};
			name = Debug;
		};
		D365E11525CF27440062ED8A /* Release */ = {
			isa = XCBuildConfiguration;
			buildSettings = {
				ASSETCATALOG_COMPILER_APPICON_NAME = AppIcon;
				CODE_SIGN_STYLE = Automatic;
				INFOPLIST_FILE = OnTheMap/Info.plist;
				LD_RUNPATH_SEARCH_PATHS = (
					"$(inherited)",
					"@executable_path/Frameworks",
				);
				PRODUCT_BUNDLE_IDENTIFIER = "Leela-Krishna-Chaitanya-Koravi.OnTheMap";
				PRODUCT_NAME = "$(TARGET_NAME)";
				SWIFT_VERSION = 5.0;
				TARGETED_DEVICE_FAMILY = "1,2";
			};
			name = Release;
		};
		D365E11725CF27440062ED8A /* Debug */ = {
			isa = XCBuildConfiguration;
			buildSettings = {
				ALWAYS_EMBED_SWIFT_STANDARD_LIBRARIES = YES;
				BUNDLE_LOADER = "$(TEST_HOST)";
				CODE_SIGN_STYLE = Automatic;
				INFOPLIST_FILE = OnTheMapTests/Info.plist;
				LD_RUNPATH_SEARCH_PATHS = (
					"$(inherited)",
					"@executable_path/Frameworks",
					"@loader_path/Frameworks",
				);
				PRODUCT_BUNDLE_IDENTIFIER = "Leela-Krishna-Chaitanya-Koravi.OnTheMapTests";
				PRODUCT_NAME = "$(TARGET_NAME)";
				SWIFT_VERSION = 5.0;
				TARGETED_DEVICE_FAMILY = "1,2";
				TEST_HOST = "$(BUILT_PRODUCTS_DIR)/OnTheMap.app/OnTheMap";
			};
			name = Debug;
		};
		D365E11825CF27440062ED8A /* Release */ = {
			isa = XCBuildConfiguration;
			buildSettings = {
				ALWAYS_EMBED_SWIFT_STANDARD_LIBRARIES = YES;
				BUNDLE_LOADER = "$(TEST_HOST)";
				CODE_SIGN_STYLE = Automatic;
				INFOPLIST_FILE = OnTheMapTests/Info.plist;
				LD_RUNPATH_SEARCH_PATHS = (
					"$(inherited)",
					"@executable_path/Frameworks",
					"@loader_path/Frameworks",
				);
				PRODUCT_BUNDLE_IDENTIFIER = "Leela-Krishna-Chaitanya-Koravi.OnTheMapTests";
				PRODUCT_NAME = "$(TARGET_NAME)";
				SWIFT_VERSION = 5.0;
				TARGETED_DEVICE_FAMILY = "1,2";
				TEST_HOST = "$(BUILT_PRODUCTS_DIR)/OnTheMap.app/OnTheMap";
			};
			name = Release;
		};
		D365E11A25CF27440062ED8A /* Debug */ = {
			isa = XCBuildConfiguration;
			buildSettings = {
				ALWAYS_EMBED_SWIFT_STANDARD_LIBRARIES = YES;
				CODE_SIGN_STYLE = Automatic;
				INFOPLIST_FILE = OnTheMapUITests/Info.plist;
				LD_RUNPATH_SEARCH_PATHS = (
					"$(inherited)",
					"@executable_path/Frameworks",
					"@loader_path/Frameworks",
				);
				PRODUCT_BUNDLE_IDENTIFIER = "Leela-Krishna-Chaitanya-Koravi.OnTheMapUITests";
				PRODUCT_NAME = "$(TARGET_NAME)";
				SWIFT_VERSION = 5.0;
				TARGETED_DEVICE_FAMILY = "1,2";
				TEST_TARGET_NAME = OnTheMap;
			};
			name = Debug;
		};
		D365E11B25CF27440062ED8A /* Release */ = {
			isa = XCBuildConfiguration;
			buildSettings = {
				ALWAYS_EMBED_SWIFT_STANDARD_LIBRARIES = YES;
				CODE_SIGN_STYLE = Automatic;
				INFOPLIST_FILE = OnTheMapUITests/Info.plist;
				LD_RUNPATH_SEARCH_PATHS = (
					"$(inherited)",
					"@executable_path/Frameworks",
					"@loader_path/Frameworks",
				);
				PRODUCT_BUNDLE_IDENTIFIER = "Leela-Krishna-Chaitanya-Koravi.OnTheMapUITests";
				PRODUCT_NAME = "$(TARGET_NAME)";
				SWIFT_VERSION = 5.0;
				TARGETED_DEVICE_FAMILY = "1,2";
				TEST_TARGET_NAME = OnTheMap;
			};
			name = Release;
		};
/* End XCBuildConfiguration section */

/* Begin XCConfigurationList section */
		D365E0E625CF27410062ED8A /* Build configuration list for PBXProject "OnTheMap" */ = {
			isa = XCConfigurationList;
			buildConfigurations = (
				D365E11125CF27440062ED8A /* Debug */,
				D365E11225CF27440062ED8A /* Release */,
			);
			defaultConfigurationIsVisible = 0;
			defaultConfigurationName = Release;
		};
		D365E11325CF27440062ED8A /* Build configuration list for PBXNativeTarget "OnTheMap" */ = {
			isa = XCConfigurationList;
			buildConfigurations = (
				D365E11425CF27440062ED8A /* Debug */,
				D365E11525CF27440062ED8A /* Release */,
			);
			defaultConfigurationIsVisible = 0;
			defaultConfigurationName = Release;
		};
		D365E11625CF27440062ED8A /* Build configuration list for PBXNativeTarget "OnTheMapTests" */ = {
			isa = XCConfigurationList;
			buildConfigurations = (
				D365E11725CF27440062ED8A /* Debug */,
				D365E11825CF27440062ED8A /* Release */,
			);
			defaultConfigurationIsVisible = 0;
			defaultConfigurationName = Release;
		};
		D365E11925CF27440062ED8A /* Build configuration list for PBXNativeTarget "OnTheMapUITests" */ = {
			isa = XCConfigurationList;
			buildConfigurations = (
				D365E11A25CF27440062ED8A /* Debug */,
				D365E11B25CF27440062ED8A /* Release */,
			);
			defaultConfigurationIsVisible = 0;
			defaultConfigurationName = Release;
		};
/* End XCConfigurationList section */
	};
	rootObject = D365E0E325CF27410062ED8A /* Project object */;
}
